
Microsoft Visual Studio Solution File, Format Version 12.00
# Visual Studio Version 17
VisualStudioVersion = 17.10.35004.147
MinimumVisualStudioVersion = 10.0.40219.1
Project("{2150E333-8FDC-42A3-9474-1A3956D46DE8}") = "Solution Items", "Solution Items", "{19A8955F-A281-4407-B59E-D08463EEE7FD}"
	ProjectSection(SolutionItems) = preProject
		.build.props = .build.props
		.clang-format = .clang-format
		.clang-tidy = .clang-tidy
		.editorconfig = .editorconfig
		.gitattributes = .gitattributes
		.gitignore = .gitignore
		.gitmodules = .gitmodules
		LICENSE.md = LICENSE.md
		README.md = README.md
	EndProjectSection
EndProject
Project("{8BC9CEB8-8B4A-11D0-8D11-00A0C91BC942}") = "Chapter00", "projects\Chapter00\Chapter00.vcxproj", "{D5FE08A1-C4FF-46B5-87CB-144FC861887C}"
EndProject
Project("{8BC9CEB8-8B4A-11D0-8D11-00A0C91BC942}") = "Chapter01", "projects\Chapter01\Chapter01.vcxproj", "{650F560A-055D-4CEA-B744-AA9449B1E18C}"
EndProject
Project("{8BC9CEB8-8B4A-11D0-8D11-00A0C91BC942}") = "Chapter02", "projects\Chapter02\Chapter02.vcxproj", "{98D638B1-A3D8-44E9-8F5E-89065829A764}"
EndProject
Project("{8BC9CEB8-8B4A-11D0-8D11-00A0C91BC942}") = "Chapter03", "projects\Chapter03\Chapter03.vcxproj", "{718C78D6-7C8D-4852-9A80-B16A5748A30D}"
EndProject
Project("{8BC9CEB8-8B4A-11D0-8D11-00A0C91BC942}") = "Chapter04", "projects\Chapter04\Chapter04.vcxproj", "{02F779BD-DAE3-4BE7-B298-6D20F226E173}"
EndProject
Project("{8BC9CEB8-8B4A-11D0-8D11-00A0C91BC942}") = "LibFoundation++", "modules\LibFoundation++\projects\LibFoundation++\LibFoundation++.vcxproj", "{9462E205-B23D-4AA8-9D57-447E2D1F274B}"
EndProject
Project("{8BC9CEB8-8B4A-11D0-8D11-00A0C91BC942}") = "Chapter05", "projects\Chapter05\Chapter05.vcxproj", "{C7F2545F-7097-4C63-8DDF-7905FFF2C9DB}"
EndProject
Project("{8BC9CEB8-8B4A-11D0-8D11-00A0C91BC942}") = "Chapter06", "projects\Chapter06\Chapter06.vcxproj", "{A642CB2A-397E-4092-9385-5A95CDB9BD21}"
EndProject
Project("{8BC9CEB8-8B4A-11D0-8D11-00A0C91BC942}") = "ChapterO", "projects\ChapterO\ChapterO.vcxproj", "{CA6ED186-9160-44D3-8B7D-ED40C6B15187}"
EndProject
Project("{8BC9CEB8-8B4A-11D0-8D11-00A0C91BC942}") = "Chapter07", "projects\Chapter07\Chapter07.vcxproj", "{B27B05FA-D8A2-4499-A916-52C25FDF400C}"
EndProject
Global
	GlobalSection(SolutionConfigurationPlatforms) = preSolution
		Clang - Debug|ARM64 = Clang - Debug|ARM64
		Clang - Debug|x64 = Clang - Debug|x64
		Clang - Release|ARM64 = Clang - Release|ARM64
		Clang - Release|x64 = Clang - Release|x64
		MSVC - Debug|ARM64 = MSVC - Debug|ARM64
		MSVC - Debug|x64 = MSVC - Debug|x64
		MSVC - Release|ARM64 = MSVC - Release|ARM64
		MSVC - Release|x64 = MSVC - Release|x64
	EndGlobalSection
	GlobalSection(ProjectConfigurationPlatforms) = postSolution
		{D5FE08A1-C4FF-46B5-87CB-144FC861887C}.Clang - Debug|ARM64.ActiveCfg = Clang - Debug|ARM64
		{D5FE08A1-C4FF-46B5-87CB-144FC861887C}.Clang - Debug|ARM64.Build.0 = Clang - Debug|ARM64
		{D5FE08A1-C4FF-46B5-87CB-144FC861887C}.Clang - Debug|x64.ActiveCfg = Clang - Debug|x64
		{D5FE08A1-C4FF-46B5-87CB-144FC861887C}.Clang - Debug|x64.Build.0 = Clang - Debug|x64
		{D5FE08A1-C4FF-46B5-87CB-144FC861887C}.Clang - Release|ARM64.ActiveCfg = Clang - Release|ARM64
		{D5FE08A1-C4FF-46B5-87CB-144FC861887C}.Clang - Release|ARM64.Build.0 = Clang - Release|ARM64
		{D5FE08A1-C4FF-46B5-87CB-144FC861887C}.Clang - Release|x64.ActiveCfg = Clang - Release|x64
		{D5FE08A1-C4FF-46B5-87CB-144FC861887C}.Clang - Release|x64.Build.0 = Clang - Release|x64
		{D5FE08A1-C4FF-46B5-87CB-144FC861887C}.MSVC - Debug|ARM64.ActiveCfg = MSVC - Debug|ARM64
		{D5FE08A1-C4FF-46B5-87CB-144FC861887C}.MSVC - Debug|ARM64.Build.0 = MSVC - Debug|ARM64
		{D5FE08A1-C4FF-46B5-87CB-144FC861887C}.MSVC - Debug|x64.ActiveCfg = MSVC - Debug|x64
		{D5FE08A1-C4FF-46B5-87CB-144FC861887C}.MSVC - Debug|x64.Build.0 = MSVC - Debug|x64
		{D5FE08A1-C4FF-46B5-87CB-144FC861887C}.MSVC - Release|ARM64.ActiveCfg = MSVC - Release|ARM64
		{D5FE08A1-C4FF-46B5-87CB-144FC861887C}.MSVC - Release|ARM64.Build.0 = MSVC - Release|ARM64
		{D5FE08A1-C4FF-46B5-87CB-144FC861887C}.MSVC - Release|x64.ActiveCfg = MSVC - Release|x64
		{D5FE08A1-C4FF-46B5-87CB-144FC861887C}.MSVC - Release|x64.Build.0 = MSVC - Release|x64
		{650F560A-055D-4CEA-B744-AA9449B1E18C}.Clang - Debug|ARM64.ActiveCfg = Clang - Debug|ARM64
		{650F560A-055D-4CEA-B744-AA9449B1E18C}.Clang - Debug|ARM64.Build.0 = Clang - Debug|ARM64
		{650F560A-055D-4CEA-B744-AA9449B1E18C}.Clang - Debug|x64.ActiveCfg = Clang - Debug|x64
		{650F560A-055D-4CEA-B744-AA9449B1E18C}.Clang - Debug|x64.Build.0 = Clang - Debug|x64
		{650F560A-055D-4CEA-B744-AA9449B1E18C}.Clang - Release|ARM64.ActiveCfg = Clang - Release|ARM64
		{650F560A-055D-4CEA-B744-AA9449B1E18C}.Clang - Release|ARM64.Build.0 = Clang - Release|ARM64
		{650F560A-055D-4CEA-B744-AA9449B1E18C}.Clang - Release|x64.ActiveCfg = Clang - Release|x64
		{650F560A-055D-4CEA-B744-AA9449B1E18C}.Clang - Release|x64.Build.0 = Clang - Release|x64
		{650F560A-055D-4CEA-B744-AA9449B1E18C}.MSVC - Debug|ARM64.ActiveCfg = MSVC - Debug|ARM64
		{650F560A-055D-4CEA-B744-AA9449B1E18C}.MSVC - Debug|ARM64.Build.0 = MSVC - Debug|ARM64
		{650F560A-055D-4CEA-B744-AA9449B1E18C}.MSVC - Debug|x64.ActiveCfg = MSVC - Debug|x64
		{650F560A-055D-4CEA-B744-AA9449B1E18C}.MSVC - Debug|x64.Build.0 = MSVC - Debug|x64
		{650F560A-055D-4CEA-B744-AA9449B1E18C}.MSVC - Release|ARM64.ActiveCfg = MSVC - Release|ARM64
		{650F560A-055D-4CEA-B744-AA9449B1E18C}.MSVC - Release|ARM64.Build.0 = MSVC - Release|ARM64
		{650F560A-055D-4CEA-B744-AA9449B1E18C}.MSVC - Release|x64.ActiveCfg = MSVC - Release|x64
		{650F560A-055D-4CEA-B744-AA9449B1E18C}.MSVC - Release|x64.Build.0 = MSVC - Release|x64
		{98D638B1-A3D8-44E9-8F5E-89065829A764}.Clang - Debug|ARM64.ActiveCfg = Clang - Debug|ARM64
		{98D638B1-A3D8-44E9-8F5E-89065829A764}.Clang - Debug|ARM64.Build.0 = Clang - Debug|ARM64
		{98D638B1-A3D8-44E9-8F5E-89065829A764}.Clang - Debug|x64.ActiveCfg = Clang - Debug|x64
		{98D638B1-A3D8-44E9-8F5E-89065829A764}.Clang - Debug|x64.Build.0 = Clang - Debug|x64
		{98D638B1-A3D8-44E9-8F5E-89065829A764}.Clang - Release|ARM64.ActiveCfg = Clang - Release|ARM64
		{98D638B1-A3D8-44E9-8F5E-89065829A764}.Clang - Release|ARM64.Build.0 = Clang - Release|ARM64
		{98D638B1-A3D8-44E9-8F5E-89065829A764}.Clang - Release|x64.ActiveCfg = Clang - Release|x64
		{98D638B1-A3D8-44E9-8F5E-89065829A764}.Clang - Release|x64.Build.0 = Clang - Release|x64
		{98D638B1-A3D8-44E9-8F5E-89065829A764}.MSVC - Debug|ARM64.ActiveCfg = MSVC - Debug|ARM64
		{98D638B1-A3D8-44E9-8F5E-89065829A764}.MSVC - Debug|ARM64.Build.0 = MSVC - Debug|ARM64
		{98D638B1-A3D8-44E9-8F5E-89065829A764}.MSVC - Debug|x64.ActiveCfg = MSVC - Debug|x64
		{98D638B1-A3D8-44E9-8F5E-89065829A764}.MSVC - Debug|x64.Build.0 = MSVC - Debug|x64
		{98D638B1-A3D8-44E9-8F5E-89065829A764}.MSVC - Release|ARM64.ActiveCfg = MSVC - Release|ARM64
		{98D638B1-A3D8-44E9-8F5E-89065829A764}.MSVC - Release|ARM64.Build.0 = MSVC - Release|ARM64
		{98D638B1-A3D8-44E9-8F5E-89065829A764}.MSVC - Release|x64.ActiveCfg = MSVC - Release|x64
		{98D638B1-A3D8-44E9-8F5E-89065829A764}.MSVC - Release|x64.Build.0 = MSVC - Release|x64
		{718C78D6-7C8D-4852-9A80-B16A5748A30D}.Clang - Debug|ARM64.ActiveCfg = Clang - Debug|ARM64
		{718C78D6-7C8D-4852-9A80-B16A5748A30D}.Clang - Debug|ARM64.Build.0 = Clang - Debug|ARM64
		{718C78D6-7C8D-4852-9A80-B16A5748A30D}.Clang - Debug|x64.ActiveCfg = Clang - Debug|x64
		{718C78D6-7C8D-4852-9A80-B16A5748A30D}.Clang - Debug|x64.Build.0 = Clang - Debug|x64
		{718C78D6-7C8D-4852-9A80-B16A5748A30D}.Clang - Release|ARM64.ActiveCfg = Clang - Release|ARM64
		{718C78D6-7C8D-4852-9A80-B16A5748A30D}.Clang - Release|ARM64.Build.0 = Clang - Release|ARM64
		{718C78D6-7C8D-4852-9A80-B16A5748A30D}.Clang - Release|x64.ActiveCfg = Clang - Release|x64
		{718C78D6-7C8D-4852-9A80-B16A5748A30D}.Clang - Release|x64.Build.0 = Clang - Release|x64
		{718C78D6-7C8D-4852-9A80-B16A5748A30D}.MSVC - Debug|ARM64.ActiveCfg = MSVC - Debug|ARM64
		{718C78D6-7C8D-4852-9A80-B16A5748A30D}.MSVC - Debug|ARM64.Build.0 = MSVC - Debug|ARM64
		{718C78D6-7C8D-4852-9A80-B16A5748A30D}.MSVC - Debug|x64.ActiveCfg = MSVC - Debug|x64
		{718C78D6-7C8D-4852-9A80-B16A5748A30D}.MSVC - Debug|x64.Build.0 = MSVC - Debug|x64
		{718C78D6-7C8D-4852-9A80-B16A5748A30D}.MSVC - Release|ARM64.ActiveCfg = MSVC - Release|ARM64
		{718C78D6-7C8D-4852-9A80-B16A5748A30D}.MSVC - Release|ARM64.Build.0 = MSVC - Release|ARM64
		{718C78D6-7C8D-4852-9A80-B16A5748A30D}.MSVC - Release|x64.ActiveCfg = MSVC - Release|x64
		{718C78D6-7C8D-4852-9A80-B16A5748A30D}.MSVC - Release|x64.Build.0 = MSVC - Release|x64
		{02F779BD-DAE3-4BE7-B298-6D20F226E173}.Clang - Debug|ARM64.ActiveCfg = Clang - Debug|ARM64
		{02F779BD-DAE3-4BE7-B298-6D20F226E173}.Clang - Debug|ARM64.Build.0 = Clang - Debug|ARM64
		{02F779BD-DAE3-4BE7-B298-6D20F226E173}.Clang - Debug|x64.ActiveCfg = Clang - Debug|x64
		{02F779BD-DAE3-4BE7-B298-6D20F226E173}.Clang - Debug|x64.Build.0 = Clang - Debug|x64
		{02F779BD-DAE3-4BE7-B298-6D20F226E173}.Clang - Release|ARM64.ActiveCfg = Clang - Release|ARM64
		{02F779BD-DAE3-4BE7-B298-6D20F226E173}.Clang - Release|ARM64.Build.0 = Clang - Release|ARM64
		{02F779BD-DAE3-4BE7-B298-6D20F226E173}.Clang - Release|x64.ActiveCfg = Clang - Release|x64
		{02F779BD-DAE3-4BE7-B298-6D20F226E173}.Clang - Release|x64.Build.0 = Clang - Release|x64
		{02F779BD-DAE3-4BE7-B298-6D20F226E173}.MSVC - Debug|ARM64.ActiveCfg = MSVC - Debug|ARM64
		{02F779BD-DAE3-4BE7-B298-6D20F226E173}.MSVC - Debug|ARM64.Build.0 = MSVC - Debug|ARM64
		{02F779BD-DAE3-4BE7-B298-6D20F226E173}.MSVC - Debug|x64.ActiveCfg = MSVC - Debug|x64
		{02F779BD-DAE3-4BE7-B298-6D20F226E173}.MSVC - Debug|x64.Build.0 = MSVC - Debug|x64
		{02F779BD-DAE3-4BE7-B298-6D20F226E173}.MSVC - Release|ARM64.ActiveCfg = MSVC - Release|ARM64
		{02F779BD-DAE3-4BE7-B298-6D20F226E173}.MSVC - Release|ARM64.Build.0 = MSVC - Release|ARM64
		{02F779BD-DAE3-4BE7-B298-6D20F226E173}.MSVC - Release|x64.ActiveCfg = MSVC - Release|x64
		{02F779BD-DAE3-4BE7-B298-6D20F226E173}.MSVC - Release|x64.Build.0 = MSVC - Release|x64
		{9462E205-B23D-4AA8-9D57-447E2D1F274B}.Clang - Debug|ARM64.ActiveCfg = Clang - Debug|ARM64
		{9462E205-B23D-4AA8-9D57-447E2D1F274B}.Clang - Debug|ARM64.Build.0 = Clang - Debug|ARM64
		{9462E205-B23D-4AA8-9D57-447E2D1F274B}.Clang - Debug|x64.ActiveCfg = Clang - Debug|x64
		{9462E205-B23D-4AA8-9D57-447E2D1F274B}.Clang - Debug|x64.Build.0 = Clang - Debug|x64
		{9462E205-B23D-4AA8-9D57-447E2D1F274B}.Clang - Release|ARM64.ActiveCfg = Clang - Release|ARM64
		{9462E205-B23D-4AA8-9D57-447E2D1F274B}.Clang - Release|ARM64.Build.0 = Clang - Release|ARM64
		{9462E205-B23D-4AA8-9D57-447E2D1F274B}.Clang - Release|x64.ActiveCfg = Clang - Release|x64
		{9462E205-B23D-4AA8-9D57-447E2D1F274B}.Clang - Release|x64.Build.0 = Clang - Release|x64
		{9462E205-B23D-4AA8-9D57-447E2D1F274B}.MSVC - Debug|ARM64.ActiveCfg = MSVC - Debug|ARM64
		{9462E205-B23D-4AA8-9D57-447E2D1F274B}.MSVC - Debug|ARM64.Build.0 = MSVC - Debug|ARM64
		{9462E205-B23D-4AA8-9D57-447E2D1F274B}.MSVC - Debug|x64.ActiveCfg = MSVC - Debug|x64
		{9462E205-B23D-4AA8-9D57-447E2D1F274B}.MSVC - Debug|x64.Build.0 = MSVC - Debug|x64
		{9462E205-B23D-4AA8-9D57-447E2D1F274B}.MSVC - Release|ARM64.ActiveCfg = MSVC - Release|ARM64
		{9462E205-B23D-4AA8-9D57-447E2D1F274B}.MSVC - Release|ARM64.Build.0 = MSVC - Release|ARM64
		{9462E205-B23D-4AA8-9D57-447E2D1F274B}.MSVC - Release|x64.ActiveCfg = MSVC - Release|x64
		{9462E205-B23D-4AA8-9D57-447E2D1F274B}.MSVC - Release|x64.Build.0 = MSVC - Release|x64
		{C7F2545F-7097-4C63-8DDF-7905FFF2C9DB}.Clang - Debug|ARM64.ActiveCfg = Clang - Debug|ARM64
		{C7F2545F-7097-4C63-8DDF-7905FFF2C9DB}.Clang - Debug|ARM64.Build.0 = Clang - Debug|ARM64
		{C7F2545F-7097-4C63-8DDF-7905FFF2C9DB}.Clang - Debug|x64.ActiveCfg = Clang - Debug|x64
		{C7F2545F-7097-4C63-8DDF-7905FFF2C9DB}.Clang - Debug|x64.Build.0 = Clang - Debug|x64
		{C7F2545F-7097-4C63-8DDF-7905FFF2C9DB}.Clang - Release|ARM64.ActiveCfg = Clang - Release|ARM64
		{C7F2545F-7097-4C63-8DDF-7905FFF2C9DB}.Clang - Release|ARM64.Build.0 = Clang - Release|ARM64
		{C7F2545F-7097-4C63-8DDF-7905FFF2C9DB}.Clang - Release|x64.ActiveCfg = Clang - Release|x64
		{C7F2545F-7097-4C63-8DDF-7905FFF2C9DB}.Clang - Release|x64.Build.0 = Clang - Release|x64
		{C7F2545F-7097-4C63-8DDF-7905FFF2C9DB}.MSVC - Debug|ARM64.ActiveCfg = MSVC - Debug|ARM64
		{C7F2545F-7097-4C63-8DDF-7905FFF2C9DB}.MSVC - Debug|ARM64.Build.0 = MSVC - Debug|ARM64
		{C7F2545F-7097-4C63-8DDF-7905FFF2C9DB}.MSVC - Debug|x64.ActiveCfg = MSVC - Debug|x64
		{C7F2545F-7097-4C63-8DDF-7905FFF2C9DB}.MSVC - Debug|x64.Build.0 = MSVC - Debug|x64
		{C7F2545F-7097-4C63-8DDF-7905FFF2C9DB}.MSVC - Release|ARM64.ActiveCfg = MSVC - Release|ARM64
		{C7F2545F-7097-4C63-8DDF-7905FFF2C9DB}.MSVC - Release|ARM64.Build.0 = MSVC - Release|ARM64
		{C7F2545F-7097-4C63-8DDF-7905FFF2C9DB}.MSVC - Release|x64.ActiveCfg = MSVC - Release|x64
		{C7F2545F-7097-4C63-8DDF-7905FFF2C9DB}.MSVC - Release|x64.Build.0 = MSVC - Release|x64
		{A642CB2A-397E-4092-9385-5A95CDB9BD21}.Clang - Debug|ARM64.ActiveCfg = Clang - Debug|ARM64
		{A642CB2A-397E-4092-9385-5A95CDB9BD21}.Clang - Debug|ARM64.Build.0 = Clang - Debug|ARM64
		{A642CB2A-397E-4092-9385-5A95CDB9BD21}.Clang - Debug|x64.ActiveCfg = Clang - Debug|x64
		{A642CB2A-397E-4092-9385-5A95CDB9BD21}.Clang - Debug|x64.Build.0 = Clang - Debug|x64
		{A642CB2A-397E-4092-9385-5A95CDB9BD21}.Clang - Release|ARM64.ActiveCfg = Clang - Release|ARM64
		{A642CB2A-397E-4092-9385-5A95CDB9BD21}.Clang - Release|ARM64.Build.0 = Clang - Release|ARM64
		{A642CB2A-397E-4092-9385-5A95CDB9BD21}.Clang - Release|x64.ActiveCfg = Clang - Release|x64
		{A642CB2A-397E-4092-9385-5A95CDB9BD21}.Clang - Release|x64.Build.0 = Clang - Release|x64
		{A642CB2A-397E-4092-9385-5A95CDB9BD21}.MSVC - Debug|ARM64.ActiveCfg = MSVC - Debug|ARM64
		{A642CB2A-397E-4092-9385-5A95CDB9BD21}.MSVC - Debug|ARM64.Build.0 = MSVC - Debug|ARM64
		{A642CB2A-397E-4092-9385-5A95CDB9BD21}.MSVC - Debug|x64.ActiveCfg = MSVC - Debug|x64
		{A642CB2A-397E-4092-9385-5A95CDB9BD21}.MSVC - Debug|x64.Build.0 = MSVC - Debug|x64
		{A642CB2A-397E-4092-9385-5A95CDB9BD21}.MSVC - Release|ARM64.ActiveCfg = MSVC - Release|ARM64
		{A642CB2A-397E-4092-9385-5A95CDB9BD21}.MSVC - Release|ARM64.Build.0 = MSVC - Release|ARM64
		{A642CB2A-397E-4092-9385-5A95CDB9BD21}.MSVC - Release|x64.ActiveCfg = MSVC - Release|x64
		{A642CB2A-397E-4092-9385-5A95CDB9BD21}.MSVC - Release|x64.Build.0 = MSVC - Release|x64
		{CA6ED186-9160-44D3-8B7D-ED40C6B15187}.Clang - Debug|ARM64.ActiveCfg = Clang - Debug|ARM64
		{CA6ED186-9160-44D3-8B7D-ED40C6B15187}.Clang - Debug|ARM64.Build.0 = Clang - Debug|ARM64
		{CA6ED186-9160-44D3-8B7D-ED40C6B15187}.Clang - Debug|x64.ActiveCfg = Clang - Debug|x64
		{CA6ED186-9160-44D3-8B7D-ED40C6B15187}.Clang - Debug|x64.Build.0 = Clang - Debug|x64
		{CA6ED186-9160-44D3-8B7D-ED40C6B15187}.Clang - Release|ARM64.ActiveCfg = Clang - Release|ARM64
		{CA6ED186-9160-44D3-8B7D-ED40C6B15187}.Clang - Release|ARM64.Build.0 = Clang - Release|ARM64
		{CA6ED186-9160-44D3-8B7D-ED40C6B15187}.Clang - Release|x64.ActiveCfg = Clang - Release|x64
		{CA6ED186-9160-44D3-8B7D-ED40C6B15187}.Clang - Release|x64.Build.0 = Clang - Release|x64
		{CA6ED186-9160-44D3-8B7D-ED40C6B15187}.MSVC - Debug|ARM64.ActiveCfg = MSVC - Debug|ARM64
		{CA6ED186-9160-44D3-8B7D-ED40C6B15187}.MSVC - Debug|ARM64.Build.0 = MSVC - Debug|ARM64
		{CA6ED186-9160-44D3-8B7D-ED40C6B15187}.MSVC - Debug|x64.ActiveCfg = MSVC - Debug|x64
		{CA6ED186-9160-44D3-8B7D-ED40C6B15187}.MSVC - Debug|x64.Build.0 = MSVC - Debug|x64
		{CA6ED186-9160-44D3-8B7D-ED40C6B15187}.MSVC - Release|ARM64.ActiveCfg = MSVC - Release|ARM64
		{CA6ED186-9160-44D3-8B7D-ED40C6B15187}.MSVC - Release|ARM64.Build.0 = MSVC - Release|ARM64
		{CA6ED186-9160-44D3-8B7D-ED40C6B15187}.MSVC - Release|x64.ActiveCfg = MSVC - Release|x64
		{CA6ED186-9160-44D3-8B7D-ED40C6B15187}.MSVC - Release|x64.Build.0 = MSVC - Release|x64
		{B27B05FA-D8A2-4499-A916-52C25FDF400C}.Clang - Debug|ARM64.ActiveCfg = Clang - Debug|ARM64
		{B27B05FA-D8A2-4499-A916-52C25FDF400C}.Clang - Debug|ARM64.Build.0 = Clang - Debug|ARM64
		{B27B05FA-D8A2-4499-A916-52C25FDF400C}.Clang - Debug|x64.ActiveCfg = Clang - Debug|x64
		{B27B05FA-D8A2-4499-A916-52C25FDF400C}.Clang - Debug|x64.Build.0 = Clang - Debug|x64
		{B27B05FA-D8A2-4499-A916-52C25FDF400C}.Clang - Release|ARM64.ActiveCfg = Clang - Release|ARM64
		{B27B05FA-D8A2-4499-A916-52C25FDF400C}.Clang - Release|ARM64.Build.0 = Clang - Release|ARM64
		{B27B05FA-D8A2-4499-A916-52C25FDF400C}.Clang - Release|x64.ActiveCfg = Clang - Release|x64
		{B27B05FA-D8A2-4499-A916-52C25FDF400C}.Clang - Release|x64.Build.0 = Clang - Release|x64
		{B27B05FA-D8A2-4499-A916-52C25FDF400C}.MSVC - Debug|ARM64.ActiveCfg = MSVC - Debug|ARM64
		{B27B05FA-D8A2-4499-A916-52C25FDF400C}.MSVC - Debug|ARM64.Build.0 = MSVC - Debug|ARM64
		{B27B05FA-D8A2-4499-A916-52C25FDF400C}.MSVC - Debug|x64.ActiveCfg = MSVC - Debug|x64
		{B27B05FA-D8A2-4499-A916-52C25FDF400C}.MSVC - Debug|x64.Build.0 = MSVC - Debug|x64
		{B27B05FA-D8A2-4499-A916-52C25FDF400C}.MSVC - Release|ARM64.ActiveCfg = MSVC - Release|ARM64
		{B27B05FA-D8A2-4499-A916-52C25FDF400C}.MSVC - Release|ARM64.Build.0 = MSVC - Release|ARM64
		{B27B05FA-D8A2-4499-A916-52C25FDF400C}.MSVC - Release|x64.ActiveCfg = MSVC - Release|x64
		{B27B05FA-D8A2-4499-A916-52C25FDF400C}.MSVC - Release|x64.Build.0 = MSVC - Release|x64
	EndGlobalSection
	GlobalSection(SolutionProperties) = preSolution
		HideSolutionNode = FALSE
	EndGlobalSection
	GlobalSection(ExtensibilityGlobals) = postSolution
		SolutionGuid = {A75DD69D-8280-44EB-AD76-982A5D2A147A}
	EndGlobalSection
EndGlobal
